
Microsoft Visual Studio Solution File, Format Version 12.00
# Visual Studio Version 17
VisualStudioVersion = 17.7.34024.191
MinimumVisualStudioVersion = 10.0.40219.1
Project("{9A19103F-16F7-4668-BE54-9A1E7A4F7556}") = "PZ_01", "PZ_01\PZ_01.csproj", "{90A813C2-0E19-4FD2-A454-16FF3F21C5D8}"
EndProject
Project("{9A19103F-16F7-4668-BE54-9A1E7A4F7556}") = "PZ_02", "PZ_02\PZ_02.csproj", "{6F8DC671-9AFB-4020-BCE6-A55352F491EA}"
EndProject
Project("{9A19103F-16F7-4668-BE54-9A1E7A4F7556}") = "PZ_03", "PZ_03\PZ_03.csproj", "{02E3551A-4D50-4907-A7EA-2D0C0236AF44}"
EndProject
Project("{9A19103F-16F7-4668-BE54-9A1E7A4F7556}") = "PZ_04", "PZ_04\PZ_04.csproj", "{B941DD0B-12DD-4483-A57C-F090FF206565}"
EndProject
Project("{9A19103F-16F7-4668-BE54-9A1E7A4F7556}") = "PZ_05", "PZ_05\PZ_05.csproj", "{5C8B7EC7-C604-4B0F-B90F-F24F46A933FD}"
EndProject
Project("{9A19103F-16F7-4668-BE54-9A1E7A4F7556}") = "PZ_06", "PZ_06\PZ_06.csproj", "{6D69F6C4-22EC-4EBE-A40D-0D801D55DD63}"
EndProject
Project("{9A19103F-16F7-4668-BE54-9A1E7A4F7556}") = "PZ_07", "PZ_07\PZ_07.csproj", "{3FB5885A-2096-4F8E-A90E-712A368A0722}"
EndProject
Project("{9A19103F-16F7-4668-BE54-9A1E7A4F7556}") = "PZ_08", "PZ_08\PZ_08.csproj", "{3854B699-00E9-4C85-89D9-2F61F50BF1BD}"
EndProject
Project("{9A19103F-16F7-4668-BE54-9A1E7A4F7556}") = "PZ_9", "PZ_9\PZ_9.csproj", "{5A6DEC7D-D065-4D00-B6AF-6A8FB3BB2208}"
EndProject
Project("{9A19103F-16F7-4668-BE54-9A1E7A4F7556}") = "PZ_10", "PZ_10\PZ_10.csproj", "{6DD744BB-A9F4-4492-861A-3F2847536469}"
EndProject
Project("{9A19103F-16F7-4668-BE54-9A1E7A4F7556}") = "PZ_ 11", "PZ_ 11\PZ_ 11.csproj", "{7D005B27-C959-4ACF-9354-E77AC5240C75}"
EndProject
Project("{9A19103F-16F7-4668-BE54-9A1E7A4F7556}") = "PZ_12", "PZ_12\PZ_12.csproj", "{E1E1B49B-F84B-45EA-8A01-66AC8C170DCC}"
EndProject
Project("{9A19103F-16F7-4668-BE54-9A1E7A4F7556}") = "PZ_13", "PZ_13\PZ_13.csproj", "{5BFB51F3-8DC6-4143-A275-3883EA089699}"
EndProject
Project("{FAE04EC0-301F-11D3-BF4B-00C04F79EFBC}") = "PZ_14", "PZ_14\PZ_14.csproj", "{61B91981-4858-4A83-B4C6-E4B28E07282D}"
EndProject
Global
	GlobalSection(SolutionConfigurationPlatforms) = preSolution
		Debug|Any CPU = Debug|Any CPU
		Release|Any CPU = Release|Any CPU
	EndGlobalSection
	GlobalSection(ProjectConfigurationPlatforms) = postSolution
		{90A813C2-0E19-4FD2-A454-16FF3F21C5D8}.Debug|Any CPU.ActiveCfg = Debug|Any CPU
		{90A813C2-0E19-4FD2-A454-16FF3F21C5D8}.Debug|Any CPU.Build.0 = Debug|Any CPU
		{90A813C2-0E19-4FD2-A454-16FF3F21C5D8}.Release|Any CPU.ActiveCfg = Release|Any CPU
		{90A813C2-0E19-4FD2-A454-16FF3F21C5D8}.Release|Any CPU.Build.0 = Release|Any CPU
		{6F8DC671-9AFB-4020-BCE6-A55352F491EA}.Debug|Any CPU.ActiveCfg = Debug|Any CPU
		{6F8DC671-9AFB-4020-BCE6-A55352F491EA}.Debug|Any CPU.Build.0 = Debug|Any CPU
		{6F8DC671-9AFB-4020-BCE6-A55352F491EA}.Release|Any CPU.ActiveCfg = Release|Any CPU
		{6F8DC671-9AFB-4020-BCE6-A55352F491EA}.Release|Any CPU.Build.0 = Release|Any CPU
		{02E3551A-4D50-4907-A7EA-2D0C0236AF44}.Debug|Any CPU.ActiveCfg = Debug|Any CPU
		{02E3551A-4D50-4907-A7EA-2D0C0236AF44}.Debug|Any CPU.Build.0 = Debug|Any CPU
		{02E3551A-4D50-4907-A7EA-2D0C0236AF44}.Release|Any CPU.ActiveCfg = Release|Any CPU
		{02E3551A-4D50-4907-A7EA-2D0C0236AF44}.Release|Any CPU.Build.0 = Release|Any CPU
		{B941DD0B-12DD-4483-A57C-F090FF206565}.Debug|Any CPU.ActiveCfg = Debug|Any CPU
		{B941DD0B-12DD-4483-A57C-F090FF206565}.Debug|Any CPU.Build.0 = Debug|Any CPU
		{B941DD0B-12DD-4483-A57C-F090FF206565}.Release|Any CPU.ActiveCfg = Release|Any CPU
		{B941DD0B-12DD-4483-A57C-F090FF206565}.Release|Any CPU.Build.0 = Release|Any CPU
		{5C8B7EC7-C604-4B0F-B90F-F24F46A933FD}.Debug|Any CPU.ActiveCfg = Debug|Any CPU
		{5C8B7EC7-C604-4B0F-B90F-F24F46A933FD}.Debug|Any CPU.Build.0 = Debug|Any CPU
		{5C8B7EC7-C604-4B0F-B90F-F24F46A933FD}.Release|Any CPU.ActiveCfg = Release|Any CPU
		{5C8B7EC7-C604-4B0F-B90F-F24F46A933FD}.Release|Any CPU.Build.0 = Release|Any CPU
		{6D69F6C4-22EC-4EBE-A40D-0D801D55DD63}.Debug|Any CPU.ActiveCfg = Debug|Any CPU
		{6D69F6C4-22EC-4EBE-A40D-0D801D55DD63}.Debug|Any CPU.Build.0 = Debug|Any CPU
		{6D69F6C4-22EC-4EBE-A40D-0D801D55DD63}.Release|Any CPU.ActiveCfg = Release|Any CPU
		{6D69F6C4-22EC-4EBE-A40D-0D801D55DD63}.Release|Any CPU.Build.0 = Release|Any CPU
		{3FB5885A-2096-4F8E-A90E-712A368A0722}.Debug|Any CPU.ActiveCfg = Debug|Any CPU
		{3FB5885A-2096-4F8E-A90E-712A368A0722}.Debug|Any CPU.Build.0 = Debug|Any CPU
		{3FB5885A-2096-4F8E-A90E-712A368A0722}.Release|Any CPU.ActiveCfg = Release|Any CPU
		{3FB5885A-2096-4F8E-A90E-712A368A0722}.Release|Any CPU.Build.0 = Release|Any CPU
		{3854B699-00E9-4C85-89D9-2F61F50BF1BD}.Debug|Any CPU.ActiveCfg = Debug|Any CPU
		{3854B699-00E9-4C85-89D9-2F61F50BF1BD}.Debug|Any CPU.Build.0 = Debug|Any CPU
		{3854B699-00E9-4C85-89D9-2F61F50BF1BD}.Release|Any CPU.ActiveCfg = Release|Any CPU
		{3854B699-00E9-4C85-89D9-2F61F50BF1BD}.Release|Any CPU.Build.0 = Release|Any CPU
		{5A6DEC7D-D065-4D00-B6AF-6A8FB3BB2208}.Debug|Any CPU.ActiveCfg = Debug|Any CPU
		{5A6DEC7D-D065-4D00-B6AF-6A8FB3BB2208}.Debug|Any CPU.Build.0 = Debug|Any CPU
		{5A6DEC7D-D065-4D00-B6AF-6A8FB3BB2208}.Release|Any CPU.ActiveCfg = Release|Any CPU
		{5A6DEC7D-D065-4D00-B6AF-6A8FB3BB2208}.Release|Any CPU.Build.0 = Release|Any CPU
		{6DD744BB-A9F4-4492-861A-3F2847536469}.Debug|Any CPU.ActiveCfg = Debug|Any CPU
		{6DD744BB-A9F4-4492-861A-3F2847536469}.Debug|Any CPU.Build.0 = Debug|Any CPU
		{6DD744BB-A9F4-4492-861A-3F2847536469}.Release|Any CPU.ActiveCfg = Release|Any CPU
		{6DD744BB-A9F4-4492-861A-3F2847536469}.Release|Any CPU.Build.0 = Release|Any CPU
		{7D005B27-C959-4ACF-9354-E77AC5240C75}.Debug|Any CPU.ActiveCfg = Debug|Any CPU
		{7D005B27-C959-4ACF-9354-E77AC5240C75}.Debug|Any CPU.Build.0 = Debug|Any CPU
		{7D005B27-C959-4ACF-9354-E77AC5240C75}.Release|Any CPU.ActiveCfg = Release|Any CPU
		{7D005B27-C959-4ACF-9354-E77AC5240C75}.Release|Any CPU.Build.0 = Release|Any CPU
		{E1E1B49B-F84B-45EA-8A01-66AC8C170DCC}.Debug|Any CPU.ActiveCfg = Debug|Any CPU
		{E1E1B49B-F84B-45EA-8A01-66AC8C170DCC}.Debug|Any CPU.Build.0 = Debug|Any CPU
		{E1E1B49B-F84B-45EA-8A01-66AC8C170DCC}.Release|Any CPU.ActiveCfg = Release|Any CPU
		{E1E1B49B-F84B-45EA-8A01-66AC8C170DCC}.Release|Any CPU.Build.0 = Release|Any CPU
		{5BFB51F3-8DC6-4143-A275-3883EA089699}.Debug|Any CPU.ActiveCfg = Debug|Any CPU
		{5BFB51F3-8DC6-4143-A275-3883EA089699}.Debug|Any CPU.Build.0 = Debug|Any CPU
		{5BFB51F3-8DC6-4143-A275-3883EA089699}.Release|Any CPU.ActiveCfg = Release|Any CPU
		{5BFB51F3-8DC6-4143-A275-3883EA089699}.Release|Any CPU.Build.0 = Release|Any CPU
		{61B91981-4858-4A83-B4C6-E4B28E07282D}.Debug|Any CPU.ActiveCfg = Debug|Any CPU
		{61B91981-4858-4A83-B4C6-E4B28E07282D}.Debug|Any CPU.Build.0 = Debug|Any CPU
		{61B91981-4858-4A83-B4C6-E4B28E07282D}.Release|Any CPU.ActiveCfg = Release|Any CPU
		{61B91981-4858-4A83-B4C6-E4B28E07282D}.Release|Any CPU.Build.0 = Release|Any CPU
	EndGlobalSection
	GlobalSection(SolutionProperties) = preSolution
		HideSolutionNode = FALSE
	EndGlobalSection
	GlobalSection(ExtensibilityGlobals) = postSolution
		SolutionGuid = {8332E5A3-3A29-46C4-B2C6-9EDEC4E668E4}
	EndGlobalSection
EndGlobal
